{
  "requires": true,
  "lockfileVersion": 1,
  "dependencies": {
    "moment": {
      "version": "2.25.3",
      "resolved": "https://registry.npmjs.org/moment/-/moment-2.25.3.tgz",
      "integrity": "sha512-PuYv0PHxZvzc15Sp8ybUCoQ+xpyPWvjOuK72a5ovzp2LI32rJXOiIfyoFoYvG3s6EwwrdkMyWuRiEHSZRLJNdg=="
    },
    "react-native-date-picker": {
      "version": "2.7.9",
      "resolved": "https://registry.npmjs.org/react-native-date-picker/-/react-native-date-picker-2.7.9.tgz",
      "integrity": "sha512-9D8N6oT8ZU5/zHDz2c+Asco24ESvd8Y7SnxipAyLB0GmtRFfRSJ+mOFwaZaYpeqAoSFJnRJVvICnDQCCLAl1cw==",
      "requires": {
        "moment": "^2.22.1"
      }
    }
  }
}
