{
  "requires": true,
  "lockfileVersion": 1,
  "dependencies": {
<<<<<<< HEAD
    "moment": {
      "version": "2.25.3",
      "resolved": "https://registry.npmjs.org/moment/-/moment-2.25.3.tgz",
      "integrity": "sha512-PuYv0PHxZvzc15Sp8ybUCoQ+xpyPWvjOuK72a5ovzp2LI32rJXOiIfyoFoYvG3s6EwwrdkMyWuRiEHSZRLJNdg=="
    },
    "react-native-date-picker": {
      "version": "2.7.9",
      "resolved": "https://registry.npmjs.org/react-native-date-picker/-/react-native-date-picker-2.7.9.tgz",
      "integrity": "sha512-9D8N6oT8ZU5/zHDz2c+Asco24ESvd8Y7SnxipAyLB0GmtRFfRSJ+mOFwaZaYpeqAoSFJnRJVvICnDQCCLAl1cw==",
      "requires": {
        "moment": "^2.22.1"
      }
=======
    "remask": {
      "version": "0.1.0-alpha.5",
      "resolved": "https://registry.npmjs.org/remask/-/remask-0.1.0-alpha.5.tgz",
      "integrity": "sha512-oRVGV7FWDvL6aOcATa/TPyNs78PUr9F1gn2495/J2A4G1B6mSGWKnZfyyc5hfoqLkpxmUdF2LR/pICR2Ox9Ovw==",
      "requires": {
        "vanilla-masker": "^1.2.0"
      }
    },
    "vanilla-masker": {
      "version": "1.2.0",
      "resolved": "https://registry.npmjs.org/vanilla-masker/-/vanilla-masker-1.2.0.tgz",
      "integrity": "sha1-woMOnZlKX+zSJhUGR3wnB/5Yl1Y="
>>>>>>> feature/front-end
    }
  }
}
